# THIS IS AN AUTOGENERATED FILE. DO NOT EDIT THIS FILE DIRECTLY.
# yarn lockfile v1


create-next-app@^11.1.0:
  version "11.1.0"
  resolved "https://registry.yarnpkg.com/create-next-app/-/create-next-app-11.1.0.tgz#8025918f92218223276d5b424bead2ddfff694ee"
  integrity sha512-LAKXDx7HahH/mAKsJtvLMUwYAPjXx2kPebGjWdnwC+kVdmpPs/FkMpfW3VNZ4rHSxVTmWMOIDpfDMPJ2NjZStQ==
